
Microsoft Visual Studio Solution File, Format Version 12.00
# Visual Studio Version 17
VisualStudioVersion = 17.4.33122.133
MinimumVisualStudioVersion = 10.0.40219.1
Project("{9A19103F-16F7-4668-BE54-9A1E7A4F7556}") = "DevelopmentAndBuildTools", "DevelopmentAndBuildTools\DevelopmentAndBuildTools.csproj", "{EF6285D4-17C3-4922-BFE2-0ABC724AB014}"
EndProject
Project("{9A19103F-16F7-4668-BE54-9A1E7A4F7556}") = "UnitTests", "MessageTests\UnitTests.csproj", "{CD11C98A-D664-413C-82AE-AC6A4A40F903}"
EndProject
Project("{FAE04EC0-301F-11D3-BF4B-00C04F79EFBC}") = "InterfacesAndAbstractClasses", "InterfacesAndAbstractClasses\InterfacesAndAbstractClasses.csproj", "{9A7A87F6-7E53-44A0-80AA-ED213C4B740D}"
Project("{FAE04EC0-301F-11D3-BF4B-00C04F79EFBC}") = "OOP", "OOP\OOP.csproj", "{55A5F4B8-6ECC-4B00-8464-6A42E9E635E6}"
Project("{FAE04EC0-301F-11D3-BF4B-00C04F79EFBC}") = "BasicOf.NETFramevorkAndCSharp", "BasicOf.NETFramevorkAndCSharp\BasicOf.NETFramevorkAndCSharp.csproj", "{2B5C3068-0B14-499B-B72D-D90DD712AFAC}"
EndProject
Global
	GlobalSection(SolutionConfigurationPlatforms) = preSolution
		Debug|Any CPU = Debug|Any CPU
		Release|Any CPU = Release|Any CPU
	EndGlobalSection
	GlobalSection(ProjectConfigurationPlatforms) = postSolution
		{EF6285D4-17C3-4922-BFE2-0ABC724AB014}.Debug|Any CPU.ActiveCfg = Debug|Any CPU
		{EF6285D4-17C3-4922-BFE2-0ABC724AB014}.Debug|Any CPU.Build.0 = Debug|Any CPU
		{EF6285D4-17C3-4922-BFE2-0ABC724AB014}.Release|Any CPU.ActiveCfg = Release|Any CPU
		{EF6285D4-17C3-4922-BFE2-0ABC724AB014}.Release|Any CPU.Build.0 = Release|Any CPU
		{CD11C98A-D664-413C-82AE-AC6A4A40F903}.Debug|Any CPU.ActiveCfg = Debug|Any CPU
		{CD11C98A-D664-413C-82AE-AC6A4A40F903}.Debug|Any CPU.Build.0 = Debug|Any CPU
		{CD11C98A-D664-413C-82AE-AC6A4A40F903}.Release|Any CPU.ActiveCfg = Release|Any CPU
		{CD11C98A-D664-413C-82AE-AC6A4A40F903}.Release|Any CPU.Build.0 = Release|Any CPU
		{9A7A87F6-7E53-44A0-80AA-ED213C4B740D}.Debug|Any CPU.ActiveCfg = Debug|Any CPU
		{9A7A87F6-7E53-44A0-80AA-ED213C4B740D}.Debug|Any CPU.Build.0 = Debug|Any CPU
		{9A7A87F6-7E53-44A0-80AA-ED213C4B740D}.Release|Any CPU.ActiveCfg = Release|Any CPU
		{9A7A87F6-7E53-44A0-80AA-ED213C4B740D}.Release|Any CPU.Build.0 = Release|Any CPU
		{55A5F4B8-6ECC-4B00-8464-6A42E9E635E6}.Debug|Any CPU.ActiveCfg = Debug|Any CPU
		{55A5F4B8-6ECC-4B00-8464-6A42E9E635E6}.Debug|Any CPU.Build.0 = Debug|Any CPU
		{55A5F4B8-6ECC-4B00-8464-6A42E9E635E6}.Release|Any CPU.ActiveCfg = Release|Any CPU
		{55A5F4B8-6ECC-4B00-8464-6A42E9E635E6}.Release|Any CPU.Build.0 = Release|Any CPU
		{2B5C3068-0B14-499B-B72D-D90DD712AFAC}.Debug|Any CPU.ActiveCfg = Debug|Any CPU
		{2B5C3068-0B14-499B-B72D-D90DD712AFAC}.Debug|Any CPU.Build.0 = Debug|Any CPU
		{2B5C3068-0B14-499B-B72D-D90DD712AFAC}.Release|Any CPU.ActiveCfg = Release|Any CPU
		{2B5C3068-0B14-499B-B72D-D90DD712AFAC}.Release|Any CPU.Build.0 = Release|Any CPU
	EndGlobalSection
	GlobalSection(SolutionProperties) = preSolution
		HideSolutionNode = FALSE
	EndGlobalSection
	GlobalSection(ExtensibilityGlobals) = postSolution
		SolutionGuid = {5FB4084C-F04A-46D0-8105-29BDE487C135}
	EndGlobalSection
EndGlobal
